// !$*UTF8*$!
{
	archiveVersion = 1;
	classes = {
	};
	objectVersion = 56;
	objects = {

/* Begin PBXBuildFile section */
		8D4086D82AB0B0B600E3E214 /* AppDelegate.swift in Sources */ = {isa = PBXBuildFile; fileRef = 8D4086D72AB0B0B600E3E214 /* AppDelegate.swift */; };
		8D4086DA2AB0B0B600E3E214 /* SceneDelegate.swift in Sources */ = {isa = PBXBuildFile; fileRef = 8D4086D92AB0B0B600E3E214 /* SceneDelegate.swift */; };
		8D4086DC2AB0B0B600E3E214 /* ViewController.swift in Sources */ = {isa = PBXBuildFile; fileRef = 8D4086DB2AB0B0B600E3E214 /* ViewController.swift */; };
		8D4086DF2AB0B0B600E3E214 /* Main.storyboard in Resources */ = {isa = PBXBuildFile; fileRef = 8D4086DD2AB0B0B600E3E214 /* Main.storyboard */; };
		8D4086E12AB0B0B800E3E214 /* Assets.xcassets in Resources */ = {isa = PBXBuildFile; fileRef = 8D4086E02AB0B0B800E3E214 /* Assets.xcassets */; };
		8D4086E42AB0B0B800E3E214 /* LaunchScreen.storyboard in Resources */ = {isa = PBXBuildFile; fileRef = 8D4086E22AB0B0B800E3E214 /* LaunchScreen.storyboard */; };
		8D4086EF2AB0B0B800E3E214 /* tic_tic_tacTests.swift in Sources */ = {isa = PBXBuildFile; fileRef = 8D4086EE2AB0B0B800E3E214 /* tic_tic_tacTests.swift */; };
		8D4086F92AB0B0B800E3E214 /* tic_tic_tacUITests.swift in Sources */ = {isa = PBXBuildFile; fileRef = 8D4086F82AB0B0B800E3E214 /* tic_tic_tacUITests.swift */; };
		8D4086FB2AB0B0B800E3E214 /* tic_tic_tacUITestsLaunchTests.swift in Sources */ = {isa = PBXBuildFile; fileRef = 8D4086FA2AB0B0B800E3E214 /* tic_tic_tacUITestsLaunchTests.swift */; };
/* End PBXBuildFile section */

/* Begin PBXContainerItemProxy section */
		8D4086EB2AB0B0B800E3E214 /* PBXContainerItemProxy */ = {
			isa = PBXContainerItemProxy;
			containerPortal = 8D4086CC2AB0B0B600E3E214 /* Project object */;
			proxyType = 1;
			remoteGlobalIDString = 8D4086D32AB0B0B600E3E214;
			remoteInfo = "tic tic tac";
		};
		8D4086F52AB0B0B800E3E214 /* PBXContainerItemProxy */ = {
			isa = PBXContainerItemProxy;
			containerPortal = 8D4086CC2AB0B0B600E3E214 /* Project object */;
			proxyType = 1;
			remoteGlobalIDString = 8D4086D32AB0B0B600E3E214;
			remoteInfo = "tic tic tac";
		};
/* End PBXContainerItemProxy section */

/* Begin PBXFileReference section */
		8D4086D42AB0B0B600E3E214 /* tic tic tac.app */ = {isa = PBXFileReference; explicitFileType = wrapper.application; includeInIndex = 0; path = "tic tic tac.app"; sourceTree = BUILT_PRODUCTS_DIR; };
		8D4086D72AB0B0B600E3E214 /* AppDelegate.swift */ = {isa = PBXFileReference; lastKnownFileType = sourcecode.swift; path = AppDelegate.swift; sourceTree = "<group>"; };
		8D4086D92AB0B0B600E3E214 /* SceneDelegate.swift */ = {isa = PBXFileReference; lastKnownFileType = sourcecode.swift; path = SceneDelegate.swift; sourceTree = "<group>"; };
		8D4086DB2AB0B0B600E3E214 /* ViewController.swift */ = {isa = PBXFileReference; lastKnownFileType = sourcecode.swift; path = ViewController.swift; sourceTree = "<group>"; };
		8D4086DE2AB0B0B600E3E214 /* Base */ = {isa = PBXFileReference; lastKnownFileType = file.storyboard; name = Base; path = Base.lproj/Main.storyboard; sourceTree = "<group>"; };
		8D4086E02AB0B0B800E3E214 /* Assets.xcassets */ = {isa = PBXFileReference; lastKnownFileType = folder.assetcatalog; path = Assets.xcassets; sourceTree = "<group>"; };
		8D4086E32AB0B0B800E3E214 /* Base */ = {isa = PBXFileReference; lastKnownFileType = file.storyboard; name = Base; path = Base.lproj/LaunchScreen.storyboard; sourceTree = "<group>"; };
		8D4086E52AB0B0B800E3E214 /* Info.plist */ = {isa = PBXFileReference; lastKnownFileType = text.plist.xml; path = Info.plist; sourceTree = "<group>"; };
		8D4086EA2AB0B0B800E3E214 /* tic tic tacTests.xctest */ = {isa = PBXFileReference; explicitFileType = wrapper.cfbundle; includeInIndex = 0; path = "tic tic tacTests.xctest"; sourceTree = BUILT_PRODUCTS_DIR; };
		8D4086EE2AB0B0B800E3E214 /* tic_tic_tacTests.swift */ = {isa = PBXFileReference; lastKnownFileType = sourcecode.swift; path = tic_tic_tacTests.swift; sourceTree = "<group>"; };
		8D4086F42AB0B0B800E3E214 /* tic tic tacUITests.xctest */ = {isa = PBXFileReference; explicitFileType = wrapper.cfbundle; includeInIndex = 0; path = "tic tic tacUITests.xctest"; sourceTree = BUILT_PRODUCTS_DIR; };
		8D4086F82AB0B0B800E3E214 /* tic_tic_tacUITests.swift */ = {isa = PBXFileReference; lastKnownFileType = sourcecode.swift; path = tic_tic_tacUITests.swift; sourceTree = "<group>"; };
		8D4086FA2AB0B0B800E3E214 /* tic_tic_tacUITestsLaunchTests.swift */ = {isa = PBXFileReference; lastKnownFileType = sourcecode.swift; path = tic_tic_tacUITestsLaunchTests.swift; sourceTree = "<group>"; };
/* End PBXFileReference section */

/* Begin PBXFrameworksBuildPhase section */
		8D4086D12AB0B0B600E3E214 /* Frameworks */ = {
			isa = PBXFrameworksBuildPhase;
			buildActionMask = 2147483647;
			files = (
			);
			runOnlyForDeploymentPostprocessing = 0;
		};
		8D4086E72AB0B0B800E3E214 /* Frameworks */ = {
			isa = PBXFrameworksBuildPhase;
			buildActionMask = 2147483647;
			files = (
			);
			runOnlyForDeploymentPostprocessing = 0;
		};
		8D4086F12AB0B0B800E3E214 /* Frameworks */ = {
			isa = PBXFrameworksBuildPhase;
			buildActionMask = 2147483647;
			files = (
			);
			runOnlyForDeploymentPostprocessing = 0;
		};
/* End PBXFrameworksBuildPhase section */

/* Begin PBXGroup section */
		8D4086CB2AB0B0B600E3E214 = {
			isa = PBXGroup;
			children = (
				8D4086D62AB0B0B600E3E214 /* tic tic tac */,
				8D4086ED2AB0B0B800E3E214 /* tic tic tacTests */,
				8D4086F72AB0B0B800E3E214 /* tic tic tacUITests */,
				8D4086D52AB0B0B600E3E214 /* Products */,
			);
			sourceTree = "<group>";
		};
		8D4086D52AB0B0B600E3E214 /* Products */ = {
			isa = PBXGroup;
			children = (
				8D4086D42AB0B0B600E3E214 /* tic tic tac.app */,
				8D4086EA2AB0B0B800E3E214 /* tic tic tacTests.xctest */,
				8D4086F42AB0B0B800E3E214 /* tic tic tacUITests.xctest */,
			);
			name = Products;
			sourceTree = "<group>";
		};
		8D4086D62AB0B0B600E3E214 /* tic tic tac */ = {
			isa = PBXGroup;
			children = (
				8D4086D72AB0B0B600E3E214 /* AppDelegate.swift */,
				8D4086D92AB0B0B600E3E214 /* SceneDelegate.swift */,
				8D4086DB2AB0B0B600E3E214 /* ViewController.swift */,
				8D4086DD2AB0B0B600E3E214 /* Main.storyboard */,
				8D4086E02AB0B0B800E3E214 /* Assets.xcassets */,
				8D4086E22AB0B0B800E3E214 /* LaunchScreen.storyboard */,
				8D4086E52AB0B0B800E3E214 /* Info.plist */,
			);
			path = "tic tic tac";
			sourceTree = "<group>";
		};
		8D4086ED2AB0B0B800E3E214 /* tic tic tacTests */ = {
			isa = PBXGroup;
			children = (
				8D4086EE2AB0B0B800E3E214 /* tic_tic_tacTests.swift */,
			);
			path = "tic tic tacTests";
			sourceTree = "<group>";
		};
		8D4086F72AB0B0B800E3E214 /* tic tic tacUITests */ = {
			isa = PBXGroup;
			children = (
				8D4086F82AB0B0B800E3E214 /* tic_tic_tacUITests.swift */,
				8D4086FA2AB0B0B800E3E214 /* tic_tic_tacUITestsLaunchTests.swift */,
			);
			path = "tic tic tacUITests";
			sourceTree = "<group>";
		};
/* End PBXGroup section */

/* Begin PBXNativeTarget section */
		8D4086D32AB0B0B600E3E214 /* tic tic tac */ = {
			isa = PBXNativeTarget;
			buildConfigurationList = 8D4086FE2AB0B0B800E3E214 /* Build configuration list for PBXNativeTarget "tic tic tac" */;
			buildPhases = (
				8D4086D02AB0B0B600E3E214 /* Sources */,
				8D4086D12AB0B0B600E3E214 /* Frameworks */,
				8D4086D22AB0B0B600E3E214 /* Resources */,
			);
			buildRules = (
			);
			dependencies = (
			);
			name = "tic tic tac";
			productName = "tic tic tac";
			productReference = 8D4086D42AB0B0B600E3E214 /* tic tic tac.app */;
			productType = "com.apple.product-type.application";
		};
		8D4086E92AB0B0B800E3E214 /* tic tic tacTests */ = {
			isa = PBXNativeTarget;
			buildConfigurationList = 8D4087012AB0B0B800E3E214 /* Build configuration list for PBXNativeTarget "tic tic tacTests" */;
			buildPhases = (
				8D4086E62AB0B0B800E3E214 /* Sources */,
				8D4086E72AB0B0B800E3E214 /* Frameworks */,
				8D4086E82AB0B0B800E3E214 /* Resources */,
			);
			buildRules = (
			);
			dependencies = (
				8D4086EC2AB0B0B800E3E214 /* PBXTargetDependency */,
			);
			name = "tic tic tacTests";
			productName = "tic tic tacTests";
			productReference = 8D4086EA2AB0B0B800E3E214 /* tic tic tacTests.xctest */;
			productType = "com.apple.product-type.bundle.unit-test";
		};
		8D4086F32AB0B0B800E3E214 /* tic tic tacUITests */ = {
			isa = PBXNativeTarget;
			buildConfigurationList = 8D4087042AB0B0B800E3E214 /* Build configuration list for PBXNativeTarget "tic tic tacUITests" */;
			buildPhases = (
				8D4086F02AB0B0B800E3E214 /* Sources */,
				8D4086F12AB0B0B800E3E214 /* Frameworks */,
				8D4086F22AB0B0B800E3E214 /* Resources */,
			);
			buildRules = (
			);
			dependencies = (
				8D4086F62AB0B0B800E3E214 /* PBXTargetDependency */,
			);
			name = "tic tic tacUITests";
			productName = "tic tic tacUITests";
			productReference = 8D4086F42AB0B0B800E3E214 /* tic tic tacUITests.xctest */;
			productType = "com.apple.product-type.bundle.ui-testing";
		};
/* End PBXNativeTarget section */

/* Begin PBXProject section */
		8D4086CC2AB0B0B600E3E214 /* Project object */ = {
			isa = PBXProject;
			attributes = {
				BuildIndependentTargetsInParallel = 1;
				LastSwiftUpdateCheck = 1430;
				LastUpgradeCheck = 1430;
				TargetAttributes = {
					8D4086D32AB0B0B600E3E214 = {
						CreatedOnToolsVersion = 14.3.1;
					};
					8D4086E92AB0B0B800E3E214 = {
						CreatedOnToolsVersion = 14.3.1;
						TestTargetID = 8D4086D32AB0B0B600E3E214;
					};
					8D4086F32AB0B0B800E3E214 = {
						CreatedOnToolsVersion = 14.3.1;
						TestTargetID = 8D4086D32AB0B0B600E3E214;
					};
				};
			};
			buildConfigurationList = 8D4086CF2AB0B0B600E3E214 /* Build configuration list for PBXProject "tic tic tac" */;
			compatibilityVersion = "Xcode 14.0";
			developmentRegion = en;
			hasScannedForEncodings = 0;
			knownRegions = (
				en,
				Base,
			);
			mainGroup = 8D4086CB2AB0B0B600E3E214;
			productRefGroup = 8D4086D52AB0B0B600E3E214 /* Products */;
			projectDirPath = "";
			projectRoot = "";
			targets = (
				8D4086D32AB0B0B600E3E214 /* tic tic tac */,
				8D4086E92AB0B0B800E3E214 /* tic tic tacTests */,
				8D4086F32AB0B0B800E3E214 /* tic tic tacUITests */,
			);
		};
/* End PBXProject section */

/* Begin PBXResourcesBuildPhase section */
		8D4086D22AB0B0B600E3E214 /* Resources */ = {
			isa = PBXResourcesBuildPhase;
			buildActionMask = 2147483647;
			files = (
				8D4086E42AB0B0B800E3E214 /* LaunchScreen.storyboard in Resources */,
				8D4086E12AB0B0B800E3E214 /* Assets.xcassets in Resources */,
				8D4086DF2AB0B0B600E3E214 /* Main.storyboard in Resources */,
			);
			runOnlyForDeploymentPostprocessing = 0;
		};
		8D4086E82AB0B0B800E3E214 /* Resources */ = {
			isa = PBXResourcesBuildPhase;
			buildActionMask = 2147483647;
			files = (
			);
			runOnlyForDeploymentPostprocessing = 0;
		};
		8D4086F22AB0B0B800E3E214 /* Resources */ = {
			isa = PBXResourcesBuildPhase;
			buildActionMask = 2147483647;
			files = (
			);
			runOnlyForDeploymentPostprocessing = 0;
		};
/* End PBXResourcesBuildPhase section */

/* Begin PBXSourcesBuildPhase section */
		8D4086D02AB0B0B600E3E214 /* Sources */ = {
			isa = PBXSourcesBuildPhase;
			buildActionMask = 2147483647;
			files = (
				8D4086DC2AB0B0B600E3E214 /* ViewController.swift in Sources */,
				8D4086D82AB0B0B600E3E214 /* AppDelegate.swift in Sources */,
				8D4086DA2AB0B0B600E3E214 /* SceneDelegate.swift in Sources */,
			);
			runOnlyForDeploymentPostprocessing = 0;
		};
		8D4086E62AB0B0B800E3E214 /* Sources */ = {
			isa = PBXSourcesBuildPhase;
			buildActionMask = 2147483647;
			files = (
				8D4086EF2AB0B0B800E3E214 /* tic_tic_tacTests.swift in Sources */,
			);
			runOnlyForDeploymentPostprocessing = 0;
		};
		8D4086F02AB0B0B800E3E214 /* Sources */ = {
			isa = PBXSourcesBuildPhase;
			buildActionMask = 2147483647;
			files = (
				8D4086F92AB0B0B800E3E214 /* tic_tic_tacUITests.swift in Sources */,
				8D4086FB2AB0B0B800E3E214 /* tic_tic_tacUITestsLaunchTests.swift in Sources */,
			);
			runOnlyForDeploymentPostprocessing = 0;
		};
/* End PBXSourcesBuildPhase section */

/* Begin PBXTargetDependency section */
		8D4086EC2AB0B0B800E3E214 /* PBXTargetDependency */ = {
			isa = PBXTargetDependency;
			target = 8D4086D32AB0B0B600E3E214 /* tic tic tac */;
			targetProxy = 8D4086EB2AB0B0B800E3E214 /* PBXContainerItemProxy */;
		};
		8D4086F62AB0B0B800E3E214 /* PBXTargetDependency */ = {
			isa = PBXTargetDependency;
			target = 8D4086D32AB0B0B600E3E214 /* tic tic tac */;
			targetProxy = 8D4086F52AB0B0B800E3E214 /* PBXContainerItemProxy */;
		};
/* End PBXTargetDependency section */

/* Begin PBXVariantGroup section */
		8D4086DD2AB0B0B600E3E214 /* Main.storyboard */ = {
			isa = PBXVariantGroup;
			children = (
				8D4086DE2AB0B0B600E3E214 /* Base */,
			);
			name = Main.storyboard;
			sourceTree = "<group>";
		};
		8D4086E22AB0B0B800E3E214 /* LaunchScreen.storyboard */ = {
			isa = PBXVariantGroup;
			children = (
				8D4086E32AB0B0B800E3E214 /* Base */,
			);
			name = LaunchScreen.storyboard;
			sourceTree = "<group>";
		};
/* End PBXVariantGroup section */

/* Begin XCBuildConfiguration section */
		8D4086FC2AB0B0B800E3E214 /* Debug */ = {
			isa = XCBuildConfiguration;
			buildSettings = {
				ALWAYS_SEARCH_USER_PATHS = NO;
				CLANG_ANALYZER_NONNULL = YES;
				CLANG_ANALYZER_NUMBER_OBJECT_CONVERSION = YES_AGGRESSIVE;
				CLANG_CXX_LANGUAGE_STANDARD = "gnu++20";
				CLANG_ENABLE_MODULES = YES;
				CLANG_ENABLE_OBJC_ARC = YES;
				CLANG_ENABLE_OBJC_WEAK = YES;
				CLANG_WARN_BLOCK_CAPTURE_AUTORELEASING = YES;
				CLANG_WARN_BOOL_CONVERSION = YES;
				CLANG_WARN_COMMA = YES;
				CLANG_WARN_CONSTANT_CONVERSION = YES;
				CLANG_WARN_DEPRECATED_OBJC_IMPLEMENTATIONS = YES;
				CLANG_WARN_DIRECT_OBJC_ISA_USAGE = YES_ERROR;
				CLANG_WARN_DOCUMENTATION_COMMENTS = YES;
				CLANG_WARN_EMPTY_BODY = YES;
				CLANG_WARN_ENUM_CONVERSION = YES;
				CLANG_WARN_INFINITE_RECURSION = YES;
				CLANG_WARN_INT_CONVERSION = YES;
				CLANG_WARN_NON_LITERAL_NULL_CONVERSION = YES;
				CLANG_WARN_OBJC_IMPLICIT_RETAIN_SELF = YES;
				CLANG_WARN_OBJC_LITERAL_CONVERSION = YES;
				CLANG_WARN_OBJC_ROOT_CLASS = YES_ERROR;
				CLANG_WARN_QUOTED_INCLUDE_IN_FRAMEWORK_HEADER = YES;
				CLANG_WARN_RANGE_LOOP_ANALYSIS = YES;
				CLANG_WARN_STRICT_PROTOTYPES = YES;
				CLANG_WARN_SUSPICIOUS_MOVE = YES;
				CLANG_WARN_UNGUARDED_AVAILABILITY = YES_AGGRESSIVE;
				CLANG_WARN_UNREACHABLE_CODE = YES;
				CLANG_WARN__DUPLICATE_METHOD_MATCH = YES;
				COPY_PHASE_STRIP = NO;
				DEBUG_INFORMATION_FORMAT = dwarf;
				ENABLE_STRICT_OBJC_MSGSEND = YES;
				ENABLE_TESTABILITY = YES;
				GCC_C_LANGUAGE_STANDARD = gnu11;
				GCC_DYNAMIC_NO_PIC = NO;
				GCC_NO_COMMON_BLOCKS = YES;
				GCC_OPTIMIZATION_LEVEL = 0;
				GCC_PREPROCESSOR_DEFINITIONS = (
					"DEBUG=1",
					"$(inherited)",
				);
				GCC_WARN_64_TO_32_BIT_CONVERSION = YES;
				GCC_WARN_ABOUT_RETURN_TYPE = YES_ERROR;
				GCC_WARN_UNDECLARED_SELECTOR = YES;
				GCC_WARN_UNINITIALIZED_AUTOS = YES_AGGRESSIVE;
				GCC_WARN_UNUSED_FUNCTION = YES;
				GCC_WARN_UNUSED_VARIABLE = YES;
				IPHONEOS_DEPLOYMENT_TARGET = 16.4;
				MTL_ENABLE_DEBUG_INFO = INCLUDE_SOURCE;
				MTL_FAST_MATH = YES;
				ONLY_ACTIVE_ARCH = YES;
				SDKROOT = iphoneos;
				SWIFT_ACTIVE_COMPILATION_CONDITIONS = DEBUG;
				SWIFT_OPTIMIZATION_LEVEL = "-Onone";
			};
			name = Debug;
		};
		8D4086FD2AB0B0B800E3E214 /* Release */ = {
			isa = XCBuildConfiguration;
			buildSettings = {
				ALWAYS_SEARCH_USER_PATHS = NO;
				CLANG_ANALYZER_NONNULL = YES;
				CLANG_ANALYZER_NUMBER_OBJECT_CONVERSION = YES_AGGRESSIVE;
				CLANG_CXX_LANGUAGE_STANDARD = "gnu++20";
				CLANG_ENABLE_MODULES = YES;
				CLANG_ENABLE_OBJC_ARC = YES;
				CLANG_ENABLE_OBJC_WEAK = YES;
				CLANG_WARN_BLOCK_CAPTURE_AUTORELEASING = YES;
				CLANG_WARN_BOOL_CONVERSION = YES;
				CLANG_WARN_COMMA = YES;
				CLANG_WARN_CONSTANT_CONVERSION = YES;
				CLANG_WARN_DEPRECATED_OBJC_IMPLEMENTATIONS = YES;
				CLANG_WARN_DIRECT_OBJC_ISA_USAGE = YES_ERROR;
				CLANG_WARN_DOCUMENTATION_COMMENTS = YES;
				CLANG_WARN_EMPTY_BODY = YES;
				CLANG_WARN_ENUM_CONVERSION = YES;
				CLANG_WARN_INFINITE_RECURSION = YES;
				CLANG_WARN_INT_CONVERSION = YES;
				CLANG_WARN_NON_LITERAL_NULL_CONVERSION = YES;
				CLANG_WARN_OBJC_IMPLICIT_RETAIN_SELF = YES;
				CLANG_WARN_OBJC_LITERAL_CONVERSION = YES;
				CLANG_WARN_OBJC_ROOT_CLASS = YES_ERROR;
				CLANG_WARN_QUOTED_INCLUDE_IN_FRAMEWORK_HEADER = YES;
				CLANG_WARN_RANGE_LOOP_ANALYSIS = YES;
				CLANG_WARN_STRICT_PROTOTYPES = YES;
				CLANG_WARN_SUSPICIOUS_MOVE = YES;
				CLANG_WARN_UNGUARDED_AVAILABILITY = YES_AGGRESSIVE;
				CLANG_WARN_UNREACHABLE_CODE = YES;
				CLANG_WARN__DUPLICATE_METHOD_MATCH = YES;
				COPY_PHASE_STRIP = NO;
				DEBUG_INFORMATION_FORMAT = "dwarf-with-dsym";
				ENABLE_NS_ASSERTIONS = NO;
				ENABLE_STRICT_OBJC_MSGSEND = YES;
				GCC_C_LANGUAGE_STANDARD = gnu11;
				GCC_NO_COMMON_BLOCKS = YES;
				GCC_WARN_64_TO_32_BIT_CONVERSION = YES;
				GCC_WARN_ABOUT_RETURN_TYPE = YES_ERROR;
				GCC_WARN_UNDECLARED_SELECTOR = YES;
				GCC_WARN_UNINITIALIZED_AUTOS = YES_AGGRESSIVE;
				GCC_WARN_UNUSED_FUNCTION = YES;
				GCC_WARN_UNUSED_VARIABLE = YES;
				IPHONEOS_DEPLOYMENT_TARGET = 16.4;
				MTL_ENABLE_DEBUG_INFO = NO;
				MTL_FAST_MATH = YES;
				SDKROOT = iphoneos;
				SWIFT_COMPILATION_MODE = wholemodule;
				SWIFT_OPTIMIZATION_LEVEL = "-O";
				VALIDATE_PRODUCT = YES;
			};
			name = Release;
		};
		8D4086FF2AB0B0B800E3E214 /* Debug */ = {
			isa = XCBuildConfiguration;
			buildSettings = {
				ASSETCATALOG_COMPILER_APPICON_NAME = AppIcon;
				ASSETCATALOG_COMPILER_GLOBAL_ACCENT_COLOR_NAME = AccentColor;
				CODE_SIGN_STYLE = Automatic;
				CURRENT_PROJECT_VERSION = 1;
				GENERATE_INFOPLIST_FILE = YES;
				INFOPLIST_FILE = "tic tic tac/Info.plist";
				INFOPLIST_KEY_UIApplicationSupportsIndirectInputEvents = YES;
				INFOPLIST_KEY_UILaunchStoryboardName = LaunchScreen;
				INFOPLIST_KEY_UIMainStoryboardFile = Main;
				INFOPLIST_KEY_UISupportedInterfaceOrientations_iPad = "UIInterfaceOrientationPortrait UIInterfaceOrientationPortraitUpsideDown UIInterfaceOrientationLandscapeLeft UIInterfaceOrientationLandscapeRight";
				INFOPLIST_KEY_UISupportedInterfaceOrientations_iPhone = "UIInterfaceOrientationPortrait UIInterfaceOrientationLandscapeLeft UIInterfaceOrientationLandscapeRight";
				LD_RUNPATH_SEARCH_PATHS = (
					"$(inherited)",
					"@executable_path/Frameworks",
				);
				MARKETING_VERSION = 1.0;
				PRODUCT_BUNDLE_IDENTIFIER = "bolatov.tic-tic-tac";
				PRODUCT_NAME = "$(TARGET_NAME)";
				SWIFT_EMIT_LOC_STRINGS = YES;
				SWIFT_VERSION = 5.0;
				TARGETED_DEVICE_FAMILY = "1,2";
			};
			name = Debug;
		};
		8D4087002AB0B0B800E3E214 /* Release */ = {
			isa = XCBuildConfiguration;
			buildSettings = {
				ASSETCATALOG_COMPILER_APPICON_NAME = AppIcon;
				ASSETCATALOG_COMPILER_GLOBAL_ACCENT_COLOR_NAME = AccentColor;
				CODE_SIGN_STYLE = Automatic;
				CURRENT_PROJECT_VERSION = 1;
				GENERATE_INFOPLIST_FILE = YES;
				INFOPLIST_FILE = "tic tic tac/Info.plist";
				INFOPLIST_KEY_UIApplicationSupportsIndirectInputEvents = YES;
				INFOPLIST_KEY_UILaunchStoryboardName = LaunchScreen;
				INFOPLIST_KEY_UIMainStoryboardFile = Main;
				INFOPLIST_KEY_UISupportedInterfaceOrientations_iPad = "UIInterfaceOrientationPortrait UIInterfaceOrientationPortraitUpsideDown UIInterfaceOrientationLandscapeLeft UIInterfaceOrientationLandscapeRight";
				INFOPLIST_KEY_UISupportedInterfaceOrientations_iPhone = "UIInterfaceOrientationPortrait UIInterfaceOrientationLandscapeLeft UIInterfaceOrientationLandscapeRight";
				LD_RUNPATH_SEARCH_PATHS = (
					"$(inherited)",
					"@executable_path/Frameworks",
				);
				MARKETING_VERSION = 1.0;
				PRODUCT_BUNDLE_IDENTIFIER = "bolatov.tic-tic-tac";
				PRODUCT_NAME = "$(TARGET_NAME)";
				SWIFT_EMIT_LOC_STRINGS = YES;
				SWIFT_VERSION = 5.0;
				TARGETED_DEVICE_FAMILY = "1,2";
			};
			name = Release;
		};
		8D4087022AB0B0B800E3E214 /* Debug */ = {
			isa = XCBuildConfiguration;
			buildSettings = {
				ALWAYS_EMBED_SWIFT_STANDARD_LIBRARIES = YES;
				BUNDLE_LOADER = "$(TEST_HOST)";
				CODE_SIGN_STYLE = Automatic;
				CURRENT_PROJECT_VERSION = 1;
				GENERATE_INFOPLIST_FILE = YES;
				IPHONEOS_DEPLOYMENT_TARGET = 16.4;
				MARKETING_VERSION = 1.0;
				PRODUCT_BUNDLE_IDENTIFIER = "bolatov.tic-tic-tacTests";
				PRODUCT_NAME = "$(TARGET_NAME)";
				SWIFT_EMIT_LOC_STRINGS = NO;
				SWIFT_VERSION = 5.0;
				TARGETED_DEVICE_FAMILY = "1,2";
				TEST_HOST = "$(BUILT_PRODUCTS_DIR)/tic tic tac.app/$(BUNDLE_EXECUTABLE_FOLDER_PATH)/tic tic tac";
			};
			name = Debug;
		};
		8D4087032AB0B0B800E3E214 /* Release */ = {
			isa = XCBuildConfiguration;
			buildSettings = {
				ALWAYS_EMBED_SWIFT_STANDARD_LIBRARIES = YES;
				BUNDLE_LOADER = "$(TEST_HOST)";
				CODE_SIGN_STYLE = Automatic;
				CURRENT_PROJECT_VERSION = 1;
				GENERATE_INFOPLIST_FILE = YES;
				IPHONEOS_DEPLOYMENT_TARGET = 16.4;
				MARKETING_VERSION = 1.0;
				PRODUCT_BUNDLE_IDENTIFIER = "bolatov.tic-tic-tacTests";
				PRODUCT_NAME = "$(TARGET_NAME)";
				SWIFT_EMIT_LOC_STRINGS = NO;
				SWIFT_VERSION = 5.0;
				TARGETED_DEVICE_FAMILY = "1,2";
				TEST_HOST = "$(BUILT_PRODUCTS_DIR)/tic tic tac.app/$(BUNDLE_EXECUTABLE_FOLDER_PATH)/tic tic tac";
			};
			name = Release;
		};
		8D4087052AB0B0B800E3E214 /* Debug */ = {
			isa = XCBuildConfiguration;
			buildSettings = {
				ALWAYS_EMBED_SWIFT_STANDARD_LIBRARIES = YES;
				CODE_SIGN_STYLE = Automatic;
				CURRENT_PROJECT_VERSION = 1;
				GENERATE_INFOPLIST_FILE = YES;
				MARKETING_VERSION = 1.0;
				PRODUCT_BUNDLE_IDENTIFIER = "bolatov.tic-tic-tacUITests";
				PRODUCT_NAME = "$(TARGET_NAME)";
				SWIFT_EMIT_LOC_STRINGS = NO;
				SWIFT_VERSION = 5.0;
				TARGETED_DEVICE_FAMILY = "1,2";
				TEST_TARGET_NAME = "tic tic tac";
			};
			name = Debug;
		};
		8D4087062AB0B0B800E3E214 /* Release */ = {
			isa = XCBuildConfiguration;
			buildSettings = {
				ALWAYS_EMBED_SWIFT_STANDARD_LIBRARIES = YES;
				CODE_SIGN_STYLE = Automatic;
				CURRENT_PROJECT_VERSION = 1;
				GENERATE_INFOPLIST_FILE = YES;
				MARKETING_VERSION = 1.0;
				PRODUCT_BUNDLE_IDENTIFIER = "bolatov.tic-tic-tacUITests";
				PRODUCT_NAME = "$(TARGET_NAME)";
				SWIFT_EMIT_LOC_STRINGS = NO;
				SWIFT_VERSION = 5.0;
				TARGETED_DEVICE_FAMILY = "1,2";
				TEST_TARGET_NAME = "tic tic tac";
			};
			name = Release;
		};
/* End XCBuildConfiguration section */

/* Begin XCConfigurationList section */
		8D4086CF2AB0B0B600E3E214 /* Build configuration list for PBXProject "tic tic tac" */ = {
			isa = XCConfigurationList;
			buildConfigurations = (
				8D4086FC2AB0B0B800E3E214 /* Debug */,
				8D4086FD2AB0B0B800E3E214 /* Release */,
			);
			defaultConfigurationIsVisible = 0;
			defaultConfigurationName = Release;
		};
		8D4086FE2AB0B0B800E3E214 /* Build configuration list for PBXNativeTarget "tic tic tac" */ = {
			isa = XCConfigurationList;
			buildConfigurations = (
				8D4086FF2AB0B0B800E3E214 /* Debug */,
				8D4087002AB0B0B800E3E214 /* Release */,
			);
			defaultConfigurationIsVisible = 0;
			defaultConfigurationName = Release;
		};
		8D4087012AB0B0B800E3E214 /* Build configuration list for PBXNativeTarget "tic tic tacTests" */ = {
			isa = XCConfigurationList;
			buildConfigurations = (
				8D4087022AB0B0B800E3E214 /* Debug */,
				8D4087032AB0B0B800E3E214 /* Release */,
			);
			defaultConfigurationIsVisible = 0;
			defaultConfigurationName = Release;
		};
		8D4087042AB0B0B800E3E214 /* Build configuration list for PBXNativeTarget "tic tic tacUITests" */ = {
			isa = XCConfigurationList;
			buildConfigurations = (
				8D4087052AB0B0B800E3E214 /* Debug */,
				8D4087062AB0B0B800E3E214 /* Release */,
			);
			defaultConfigurationIsVisible = 0;
			defaultConfigurationName = Release;
		};
/* End XCConfigurationList section */
	};
	rootObject = 8D4086CC2AB0B0B600E3E214 /* Project object */;
}
